// !$*UTF8*$!
{
	archiveVersion = 1;
	classes = {
	};
	objectVersion = 55;
	objects = {

/* Begin PBXBuildFile section */
		8F32ADAD2866BB230029BD5B /* FillerApp.swift in Sources */ = {isa = PBXBuildFile; fileRef = 8F32ADAC2866BB230029BD5B /* FillerApp.swift */; };
		8F32ADAF2866BB230029BD5B /* ContentView.swift in Sources */ = {isa = PBXBuildFile; fileRef = 8F32ADAE2866BB230029BD5B /* ContentView.swift */; };
		8F32ADB12866BB270029BD5B /* Assets.xcassets in Resources */ = {isa = PBXBuildFile; fileRef = 8F32ADB02866BB270029BD5B /* Assets.xcassets */; };
		8F32ADB42866BB270029BD5B /* Preview Assets.xcassets in Resources */ = {isa = PBXBuildFile; fileRef = 8F32ADB32866BB270029BD5B /* Preview Assets.xcassets */; };
		8F32ADBE2866BB270029BD5B /* FillerTests.swift in Sources */ = {isa = PBXBuildFile; fileRef = 8F32ADBD2866BB270029BD5B /* FillerTests.swift */; };
		8F32ADC82866BB270029BD5B /* FillerUITests.swift in Sources */ = {isa = PBXBuildFile; fileRef = 8F32ADC72866BB270029BD5B /* FillerUITests.swift */; };
		8F32ADCA2866BB270029BD5B /* FillerUITestsLaunchTests.swift in Sources */ = {isa = PBXBuildFile; fileRef = 8F32ADC92866BB270029BD5B /* FillerUITestsLaunchTests.swift */; };
		8F32ADD72866EA6D0029BD5B /* GeometryReaders.swift in Sources */ = {isa = PBXBuildFile; fileRef = 8F32ADD62866EA6D0029BD5B /* GeometryReaders.swift */; };
		8F32ADD9286746310029BD5B /* Game.swift in Sources */ = {isa = PBXBuildFile; fileRef = 8F32ADD8286746310029BD5B /* Game.swift */; };
		8F4434032868AE6C00AD3ACC /* GameKit.framework in Frameworks */ = {isa = PBXBuildFile; fileRef = 8F4434022868AE6C00AD3ACC /* GameKit.framework */; };
		8F4434062868B00100AD3ACC /* Tile.swift in Sources */ = {isa = PBXBuildFile; fileRef = 8F4434052868B00100AD3ACC /* Tile.swift */; };
		8F4434082868B04300AD3ACC /* Coordinate.swift in Sources */ = {isa = PBXBuildFile; fileRef = 8F4434072868B04300AD3ACC /* Coordinate.swift */; };
		8F44340A2868B07800AD3ACC /* Player.swift in Sources */ = {isa = PBXBuildFile; fileRef = 8F4434092868B07800AD3ACC /* Player.swift */; };
		8F44340C2868B08B00AD3ACC /* Direction.swift in Sources */ = {isa = PBXBuildFile; fileRef = 8F44340B2868B08B00AD3ACC /* Direction.swift */; };
		8F44340E2868B0BE00AD3ACC /* Board.swift in Sources */ = {isa = PBXBuildFile; fileRef = 8F44340D2868B0BE00AD3ACC /* Board.swift */; };
		8F4434112868B24F00AD3ACC /* BoardView.swift in Sources */ = {isa = PBXBuildFile; fileRef = 8F4434102868B24F00AD3ACC /* BoardView.swift */; };
		8F4434132868B27D00AD3ACC /* ColorPickerView.swift in Sources */ = {isa = PBXBuildFile; fileRef = 8F4434122868B27D00AD3ACC /* ColorPickerView.swift */; };
		8F4434152868B2B800AD3ACC /* TurnView.swift in Sources */ = {isa = PBXBuildFile; fileRef = 8F4434142868B2B800AD3ACC /* TurnView.swift */; };
/* End PBXBuildFile section */

/* Begin PBXContainerItemProxy section */
		8F32ADBA2866BB270029BD5B /* PBXContainerItemProxy */ = {
			isa = PBXContainerItemProxy;
			containerPortal = 8F32ADA12866BB230029BD5B /* Project object */;
			proxyType = 1;
			remoteGlobalIDString = 8F32ADA82866BB230029BD5B;
			remoteInfo = Filler;
		};
		8F32ADC42866BB270029BD5B /* PBXContainerItemProxy */ = {
			isa = PBXContainerItemProxy;
			containerPortal = 8F32ADA12866BB230029BD5B /* Project object */;
			proxyType = 1;
			remoteGlobalIDString = 8F32ADA82866BB230029BD5B;
			remoteInfo = Filler;
		};
/* End PBXContainerItemProxy section */

/* Begin PBXFileReference section */
		8F32ADA92866BB230029BD5B /* Filler.app */ = {isa = PBXFileReference; explicitFileType = wrapper.application; includeInIndex = 0; path = Filler.app; sourceTree = BUILT_PRODUCTS_DIR; };
		8F32ADAC2866BB230029BD5B /* FillerApp.swift */ = {isa = PBXFileReference; lastKnownFileType = sourcecode.swift; path = FillerApp.swift; sourceTree = "<group>"; };
		8F32ADAE2866BB230029BD5B /* ContentView.swift */ = {isa = PBXFileReference; lastKnownFileType = sourcecode.swift; path = ContentView.swift; sourceTree = "<group>"; };
		8F32ADB02866BB270029BD5B /* Assets.xcassets */ = {isa = PBXFileReference; lastKnownFileType = folder.assetcatalog; path = Assets.xcassets; sourceTree = "<group>"; };
		8F32ADB32866BB270029BD5B /* Preview Assets.xcassets */ = {isa = PBXFileReference; lastKnownFileType = folder.assetcatalog; path = "Preview Assets.xcassets"; sourceTree = "<group>"; };
		8F32ADB92866BB270029BD5B /* FillerTests.xctest */ = {isa = PBXFileReference; explicitFileType = wrapper.cfbundle; includeInIndex = 0; path = FillerTests.xctest; sourceTree = BUILT_PRODUCTS_DIR; };
		8F32ADBD2866BB270029BD5B /* FillerTests.swift */ = {isa = PBXFileReference; lastKnownFileType = sourcecode.swift; path = FillerTests.swift; sourceTree = "<group>"; };
		8F32ADC32866BB270029BD5B /* FillerUITests.xctest */ = {isa = PBXFileReference; explicitFileType = wrapper.cfbundle; includeInIndex = 0; path = FillerUITests.xctest; sourceTree = BUILT_PRODUCTS_DIR; };
		8F32ADC72866BB270029BD5B /* FillerUITests.swift */ = {isa = PBXFileReference; lastKnownFileType = sourcecode.swift; path = FillerUITests.swift; sourceTree = "<group>"; };
		8F32ADC92866BB270029BD5B /* FillerUITestsLaunchTests.swift */ = {isa = PBXFileReference; lastKnownFileType = sourcecode.swift; path = FillerUITestsLaunchTests.swift; sourceTree = "<group>"; };
		8F32ADD62866EA6D0029BD5B /* GeometryReaders.swift */ = {isa = PBXFileReference; lastKnownFileType = sourcecode.swift; path = GeometryReaders.swift; sourceTree = "<group>"; };
		8F32ADD8286746310029BD5B /* Game.swift */ = {isa = PBXFileReference; lastKnownFileType = sourcecode.swift; path = Game.swift; sourceTree = "<group>"; };
		8F4434022868AE6C00AD3ACC /* GameKit.framework */ = {isa = PBXFileReference; lastKnownFileType = wrapper.framework; name = GameKit.framework; path = System/Library/Frameworks/GameKit.framework; sourceTree = SDKROOT; };
		8F4434052868B00100AD3ACC /* Tile.swift */ = {isa = PBXFileReference; lastKnownFileType = sourcecode.swift; path = Tile.swift; sourceTree = "<group>"; };
		8F4434072868B04300AD3ACC /* Coordinate.swift */ = {isa = PBXFileReference; lastKnownFileType = sourcecode.swift; path = Coordinate.swift; sourceTree = "<group>"; };
		8F4434092868B07800AD3ACC /* Player.swift */ = {isa = PBXFileReference; lastKnownFileType = sourcecode.swift; path = Player.swift; sourceTree = "<group>"; };
		8F44340B2868B08B00AD3ACC /* Direction.swift */ = {isa = PBXFileReference; lastKnownFileType = sourcecode.swift; path = Direction.swift; sourceTree = "<group>"; };
		8F44340D2868B0BE00AD3ACC /* Board.swift */ = {isa = PBXFileReference; lastKnownFileType = sourcecode.swift; path = Board.swift; sourceTree = "<group>"; };
		8F4434102868B24F00AD3ACC /* BoardView.swift */ = {isa = PBXFileReference; lastKnownFileType = sourcecode.swift; path = BoardView.swift; sourceTree = "<group>"; };
		8F4434122868B27D00AD3ACC /* ColorPickerView.swift */ = {isa = PBXFileReference; lastKnownFileType = sourcecode.swift; path = ColorPickerView.swift; sourceTree = "<group>"; };
		8F4434142868B2B800AD3ACC /* TurnView.swift */ = {isa = PBXFileReference; lastKnownFileType = sourcecode.swift; path = TurnView.swift; sourceTree = "<group>"; };
/* End PBXFileReference section */

/* Begin PBXFrameworksBuildPhase section */
		8F32ADA62866BB230029BD5B /* Frameworks */ = {
			isa = PBXFrameworksBuildPhase;
			buildActionMask = 2147483647;
			files = (
				8F4434032868AE6C00AD3ACC /* GameKit.framework in Frameworks */,
			);
			runOnlyForDeploymentPostprocessing = 0;
		};
		8F32ADB62866BB270029BD5B /* Frameworks */ = {
			isa = PBXFrameworksBuildPhase;
			buildActionMask = 2147483647;
			files = (
			);
			runOnlyForDeploymentPostprocessing = 0;
		};
		8F32ADC02866BB270029BD5B /* Frameworks */ = {
			isa = PBXFrameworksBuildPhase;
			buildActionMask = 2147483647;
			files = (
			);
			runOnlyForDeploymentPostprocessing = 0;
		};
/* End PBXFrameworksBuildPhase section */

/* Begin PBXGroup section */
		8F32ADA02866BB230029BD5B = {
			isa = PBXGroup;
			children = (
				8F32ADAB2866BB230029BD5B /* Filler */,
				8F32ADBC2866BB270029BD5B /* FillerTests */,
				8F32ADC62866BB270029BD5B /* FillerUITests */,
				8F32ADAA2866BB230029BD5B /* Products */,
				8F4434012868AE6C00AD3ACC /* Frameworks */,
			);
			sourceTree = "<group>";
		};
		8F32ADAA2866BB230029BD5B /* Products */ = {
			isa = PBXGroup;
			children = (
				8F32ADA92866BB230029BD5B /* Filler.app */,
				8F32ADB92866BB270029BD5B /* FillerTests.xctest */,
				8F32ADC32866BB270029BD5B /* FillerUITests.xctest */,
			);
			name = Products;
			sourceTree = "<group>";
		};
		8F32ADAB2866BB230029BD5B /* Filler */ = {
			isa = PBXGroup;
			children = (
				8F32ADAC2866BB230029BD5B /* FillerApp.swift */,
				8F44340F2868B23900AD3ACC /* Views */,
				8F4434042868AFE100AD3ACC /* Models */,
				8F32ADB02866BB270029BD5B /* Assets.xcassets */,
				8F32ADB22866BB270029BD5B /* Preview Content */,
			);
			path = Filler;
			sourceTree = "<group>";
		};
		8F32ADB22866BB270029BD5B /* Preview Content */ = {
			isa = PBXGroup;
			children = (
				8F32ADB32866BB270029BD5B /* Preview Assets.xcassets */,
			);
			path = "Preview Content";
			sourceTree = "<group>";
		};
		8F32ADBC2866BB270029BD5B /* FillerTests */ = {
			isa = PBXGroup;
			children = (
				8F32ADBD2866BB270029BD5B /* FillerTests.swift */,
			);
			path = FillerTests;
			sourceTree = "<group>";
		};
		8F32ADC62866BB270029BD5B /* FillerUITests */ = {
			isa = PBXGroup;
			children = (
				8F32ADC72866BB270029BD5B /* FillerUITests.swift */,
				8F32ADC92866BB270029BD5B /* FillerUITestsLaunchTests.swift */,
			);
			path = FillerUITests;
			sourceTree = "<group>";
		};
		8F4434012868AE6C00AD3ACC /* Frameworks */ = {
			isa = PBXGroup;
			children = (
				8F4434022868AE6C00AD3ACC /* GameKit.framework */,
			);
			name = Frameworks;
			sourceTree = "<group>";
		};
		8F4434042868AFE100AD3ACC /* Models */ = {
			isa = PBXGroup;
			children = (
				8F44340D2868B0BE00AD3ACC /* Board.swift */,
				8F4434072868B04300AD3ACC /* Coordinate.swift */,
				8F44340B2868B08B00AD3ACC /* Direction.swift */,
				8F32ADD8286746310029BD5B /* Game.swift */,
				8F4434092868B07800AD3ACC /* Player.swift */,
				8F4434052868B00100AD3ACC /* Tile.swift */,
			);
			path = Models;
			sourceTree = "<group>";
		};
		8F44340F2868B23900AD3ACC /* Views */ = {
			isa = PBXGroup;
			children = (
				8F32ADAE2866BB230029BD5B /* ContentView.swift */,
				8F4434142868B2B800AD3ACC /* TurnView.swift */,
				8F4434122868B27D00AD3ACC /* ColorPickerView.swift */,
				8F4434102868B24F00AD3ACC /* BoardView.swift */,
				8F32ADD62866EA6D0029BD5B /* GeometryReaders.swift */,
			);
			path = Views;
			sourceTree = "<group>";
		};
/* End PBXGroup section */

/* Begin PBXNativeTarget section */
		8F32ADA82866BB230029BD5B /* Filler */ = {
			isa = PBXNativeTarget;
			buildConfigurationList = 8F32ADCD2866BB270029BD5B /* Build configuration list for PBXNativeTarget "Filler" */;
			buildPhases = (
				8F32ADA52866BB230029BD5B /* Sources */,
				8F32ADA62866BB230029BD5B /* Frameworks */,
				8F32ADA72866BB230029BD5B /* Resources */,
			);
			buildRules = (
			);
			dependencies = (
			);
			name = Filler;
			productName = Filler;
			productReference = 8F32ADA92866BB230029BD5B /* Filler.app */;
			productType = "com.apple.product-type.application";
		};
		8F32ADB82866BB270029BD5B /* FillerTests */ = {
			isa = PBXNativeTarget;
			buildConfigurationList = 8F32ADD02866BB270029BD5B /* Build configuration list for PBXNativeTarget "FillerTests" */;
			buildPhases = (
				8F32ADB52866BB270029BD5B /* Sources */,
				8F32ADB62866BB270029BD5B /* Frameworks */,
				8F32ADB72866BB270029BD5B /* Resources */,
			);
			buildRules = (
			);
			dependencies = (
				8F32ADBB2866BB270029BD5B /* PBXTargetDependency */,
			);
			name = FillerTests;
			productName = FillerTests;
			productReference = 8F32ADB92866BB270029BD5B /* FillerTests.xctest */;
			productType = "com.apple.product-type.bundle.unit-test";
		};
		8F32ADC22866BB270029BD5B /* FillerUITests */ = {
			isa = PBXNativeTarget;
			buildConfigurationList = 8F32ADD32866BB270029BD5B /* Build configuration list for PBXNativeTarget "FillerUITests" */;
			buildPhases = (
				8F32ADBF2866BB270029BD5B /* Sources */,
				8F32ADC02866BB270029BD5B /* Frameworks */,
				8F32ADC12866BB270029BD5B /* Resources */,
			);
			buildRules = (
			);
			dependencies = (
				8F32ADC52866BB270029BD5B /* PBXTargetDependency */,
			);
			name = FillerUITests;
			productName = FillerUITests;
			productReference = 8F32ADC32866BB270029BD5B /* FillerUITests.xctest */;
			productType = "com.apple.product-type.bundle.ui-testing";
		};
/* End PBXNativeTarget section */

/* Begin PBXProject section */
		8F32ADA12866BB230029BD5B /* Project object */ = {
			isa = PBXProject;
			attributes = {
				BuildIndependentTargetsInParallel = 1;
				LastSwiftUpdateCheck = 1330;
				LastUpgradeCheck = 1330;
				TargetAttributes = {
					8F32ADA82866BB230029BD5B = {
						CreatedOnToolsVersion = 13.3.1;
					};
					8F32ADB82866BB270029BD5B = {
						CreatedOnToolsVersion = 13.3.1;
						TestTargetID = 8F32ADA82866BB230029BD5B;
					};
					8F32ADC22866BB270029BD5B = {
						CreatedOnToolsVersion = 13.3.1;
						TestTargetID = 8F32ADA82866BB230029BD5B;
					};
				};
			};
			buildConfigurationList = 8F32ADA42866BB230029BD5B /* Build configuration list for PBXProject "Filler" */;
			compatibilityVersion = "Xcode 13.0";
			developmentRegion = en;
			hasScannedForEncodings = 0;
			knownRegions = (
				en,
				Base,
			);
			mainGroup = 8F32ADA02866BB230029BD5B;
			productRefGroup = 8F32ADAA2866BB230029BD5B /* Products */;
			projectDirPath = "";
			projectRoot = "";
			targets = (
				8F32ADA82866BB230029BD5B /* Filler */,
				8F32ADB82866BB270029BD5B /* FillerTests */,
				8F32ADC22866BB270029BD5B /* FillerUITests */,
			);
		};
/* End PBXProject section */

/* Begin PBXResourcesBuildPhase section */
		8F32ADA72866BB230029BD5B /* Resources */ = {
			isa = PBXResourcesBuildPhase;
			buildActionMask = 2147483647;
			files = (
				8F32ADB42866BB270029BD5B /* Preview Assets.xcassets in Resources */,
				8F32ADB12866BB270029BD5B /* Assets.xcassets in Resources */,
			);
			runOnlyForDeploymentPostprocessing = 0;
		};
		8F32ADB72866BB270029BD5B /* Resources */ = {
			isa = PBXResourcesBuildPhase;
			buildActionMask = 2147483647;
			files = (
			);
			runOnlyForDeploymentPostprocessing = 0;
		};
		8F32ADC12866BB270029BD5B /* Resources */ = {
			isa = PBXResourcesBuildPhase;
			buildActionMask = 2147483647;
			files = (
			);
			runOnlyForDeploymentPostprocessing = 0;
		};
/* End PBXResourcesBuildPhase section */

/* Begin PBXSourcesBuildPhase section */
		8F32ADA52866BB230029BD5B /* Sources */ = {
			isa = PBXSourcesBuildPhase;
			buildActionMask = 2147483647;
			files = (
				8F32ADD9286746310029BD5B /* Game.swift in Sources */,
				8F32ADAF2866BB230029BD5B /* ContentView.swift in Sources */,
				8F4434062868B00100AD3ACC /* Tile.swift in Sources */,
				8F44340C2868B08B00AD3ACC /* Direction.swift in Sources */,
				8F32ADD72866EA6D0029BD5B /* GeometryReaders.swift in Sources */,
				8F44340A2868B07800AD3ACC /* Player.swift in Sources */,
				8F32ADAD2866BB230029BD5B /* FillerApp.swift in Sources */,
				8F4434132868B27D00AD3ACC /* ColorPickerView.swift in Sources */,
				8F4434112868B24F00AD3ACC /* BoardView.swift in Sources */,
				8F4434152868B2B800AD3ACC /* TurnView.swift in Sources */,
				8F4434082868B04300AD3ACC /* Coordinate.swift in Sources */,
				8F44340E2868B0BE00AD3ACC /* Board.swift in Sources */,
			);
			runOnlyForDeploymentPostprocessing = 0;
		};
		8F32ADB52866BB270029BD5B /* Sources */ = {
			isa = PBXSourcesBuildPhase;
			buildActionMask = 2147483647;
			files = (
				8F32ADBE2866BB270029BD5B /* FillerTests.swift in Sources */,
			);
			runOnlyForDeploymentPostprocessing = 0;
		};
		8F32ADBF2866BB270029BD5B /* Sources */ = {
			isa = PBXSourcesBuildPhase;
			buildActionMask = 2147483647;
			files = (
				8F32ADCA2866BB270029BD5B /* FillerUITestsLaunchTests.swift in Sources */,
				8F32ADC82866BB270029BD5B /* FillerUITests.swift in Sources */,
			);
			runOnlyForDeploymentPostprocessing = 0;
		};
/* End PBXSourcesBuildPhase section */

/* Begin PBXTargetDependency section */
		8F32ADBB2866BB270029BD5B /* PBXTargetDependency */ = {
			isa = PBXTargetDependency;
			target = 8F32ADA82866BB230029BD5B /* Filler */;
			targetProxy = 8F32ADBA2866BB270029BD5B /* PBXContainerItemProxy */;
		};
		8F32ADC52866BB270029BD5B /* PBXTargetDependency */ = {
			isa = PBXTargetDependency;
			target = 8F32ADA82866BB230029BD5B /* Filler */;
			targetProxy = 8F32ADC42866BB270029BD5B /* PBXContainerItemProxy */;
		};
/* End PBXTargetDependency section */

/* Begin XCBuildConfiguration section */
		8F32ADCB2866BB270029BD5B /* Debug */ = {
			isa = XCBuildConfiguration;
			buildSettings = {
				ALWAYS_SEARCH_USER_PATHS = NO;
				CLANG_ANALYZER_NONNULL = YES;
				CLANG_ANALYZER_NUMBER_OBJECT_CONVERSION = YES_AGGRESSIVE;
				CLANG_CXX_LANGUAGE_STANDARD = "gnu++17";
				CLANG_ENABLE_MODULES = YES;
				CLANG_ENABLE_OBJC_ARC = YES;
				CLANG_ENABLE_OBJC_WEAK = YES;
				CLANG_WARN_BLOCK_CAPTURE_AUTORELEASING = YES;
				CLANG_WARN_BOOL_CONVERSION = YES;
				CLANG_WARN_COMMA = YES;
				CLANG_WARN_CONSTANT_CONVERSION = YES;
				CLANG_WARN_DEPRECATED_OBJC_IMPLEMENTATIONS = YES;
				CLANG_WARN_DIRECT_OBJC_ISA_USAGE = YES_ERROR;
				CLANG_WARN_DOCUMENTATION_COMMENTS = YES;
				CLANG_WARN_EMPTY_BODY = YES;
				CLANG_WARN_ENUM_CONVERSION = YES;
				CLANG_WARN_INFINITE_RECURSION = YES;
				CLANG_WARN_INT_CONVERSION = YES;
				CLANG_WARN_NON_LITERAL_NULL_CONVERSION = YES;
				CLANG_WARN_OBJC_IMPLICIT_RETAIN_SELF = YES;
				CLANG_WARN_OBJC_LITERAL_CONVERSION = YES;
				CLANG_WARN_OBJC_ROOT_CLASS = YES_ERROR;
				CLANG_WARN_QUOTED_INCLUDE_IN_FRAMEWORK_HEADER = YES;
				CLANG_WARN_RANGE_LOOP_ANALYSIS = YES;
				CLANG_WARN_STRICT_PROTOTYPES = YES;
				CLANG_WARN_SUSPICIOUS_MOVE = YES;
				CLANG_WARN_UNGUARDED_AVAILABILITY = YES_AGGRESSIVE;
				CLANG_WARN_UNREACHABLE_CODE = YES;
				CLANG_WARN__DUPLICATE_METHOD_MATCH = YES;
				COPY_PHASE_STRIP = NO;
				DEBUG_INFORMATION_FORMAT = dwarf;
				ENABLE_STRICT_OBJC_MSGSEND = YES;
				ENABLE_TESTABILITY = YES;
				GCC_C_LANGUAGE_STANDARD = gnu11;
				GCC_DYNAMIC_NO_PIC = NO;
				GCC_NO_COMMON_BLOCKS = YES;
				GCC_OPTIMIZATION_LEVEL = 0;
				GCC_PREPROCESSOR_DEFINITIONS = (
					"DEBUG=1",
					"$(inherited)",
				);
				GCC_WARN_64_TO_32_BIT_CONVERSION = YES;
				GCC_WARN_ABOUT_RETURN_TYPE = YES_ERROR;
				GCC_WARN_UNDECLARED_SELECTOR = YES;
				GCC_WARN_UNINITIALIZED_AUTOS = YES_AGGRESSIVE;
				GCC_WARN_UNUSED_FUNCTION = YES;
				GCC_WARN_UNUSED_VARIABLE = YES;
				IPHONEOS_DEPLOYMENT_TARGET = 15.4;
				MTL_ENABLE_DEBUG_INFO = INCLUDE_SOURCE;
				MTL_FAST_MATH = YES;
				ONLY_ACTIVE_ARCH = YES;
				SDKROOT = iphoneos;
				SWIFT_ACTIVE_COMPILATION_CONDITIONS = DEBUG;
				SWIFT_OPTIMIZATION_LEVEL = "-Onone";
			};
			name = Debug;
		};
		8F32ADCC2866BB270029BD5B /* Release */ = {
			isa = XCBuildConfiguration;
			buildSettings = {
				ALWAYS_SEARCH_USER_PATHS = NO;
				CLANG_ANALYZER_NONNULL = YES;
				CLANG_ANALYZER_NUMBER_OBJECT_CONVERSION = YES_AGGRESSIVE;
				CLANG_CXX_LANGUAGE_STANDARD = "gnu++17";
				CLANG_ENABLE_MODULES = YES;
				CLANG_ENABLE_OBJC_ARC = YES;
				CLANG_ENABLE_OBJC_WEAK = YES;
				CLANG_WARN_BLOCK_CAPTURE_AUTORELEASING = YES;
				CLANG_WARN_BOOL_CONVERSION = YES;
				CLANG_WARN_COMMA = YES;
				CLANG_WARN_CONSTANT_CONVERSION = YES;
				CLANG_WARN_DEPRECATED_OBJC_IMPLEMENTATIONS = YES;
				CLANG_WARN_DIRECT_OBJC_ISA_USAGE = YES_ERROR;
				CLANG_WARN_DOCUMENTATION_COMMENTS = YES;
				CLANG_WARN_EMPTY_BODY = YES;
				CLANG_WARN_ENUM_CONVERSION = YES;
				CLANG_WARN_INFINITE_RECURSION = YES;
				CLANG_WARN_INT_CONVERSION = YES;
				CLANG_WARN_NON_LITERAL_NULL_CONVERSION = YES;
				CLANG_WARN_OBJC_IMPLICIT_RETAIN_SELF = YES;
				CLANG_WARN_OBJC_LITERAL_CONVERSION = YES;
				CLANG_WARN_OBJC_ROOT_CLASS = YES_ERROR;
				CLANG_WARN_QUOTED_INCLUDE_IN_FRAMEWORK_HEADER = YES;
				CLANG_WARN_RANGE_LOOP_ANALYSIS = YES;
				CLANG_WARN_STRICT_PROTOTYPES = YES;
				CLANG_WARN_SUSPICIOUS_MOVE = YES;
				CLANG_WARN_UNGUARDED_AVAILABILITY = YES_AGGRESSIVE;
				CLANG_WARN_UNREACHABLE_CODE = YES;
				CLANG_WARN__DUPLICATE_METHOD_MATCH = YES;
				COPY_PHASE_STRIP = NO;
				DEBUG_INFORMATION_FORMAT = "dwarf-with-dsym";
				ENABLE_NS_ASSERTIONS = NO;
				ENABLE_STRICT_OBJC_MSGSEND = YES;
				GCC_C_LANGUAGE_STANDARD = gnu11;
				GCC_NO_COMMON_BLOCKS = YES;
				GCC_WARN_64_TO_32_BIT_CONVERSION = YES;
				GCC_WARN_ABOUT_RETURN_TYPE = YES_ERROR;
				GCC_WARN_UNDECLARED_SELECTOR = YES;
				GCC_WARN_UNINITIALIZED_AUTOS = YES_AGGRESSIVE;
				GCC_WARN_UNUSED_FUNCTION = YES;
				GCC_WARN_UNUSED_VARIABLE = YES;
				IPHONEOS_DEPLOYMENT_TARGET = 15.4;
				MTL_ENABLE_DEBUG_INFO = NO;
				MTL_FAST_MATH = YES;
				SDKROOT = iphoneos;
				SWIFT_COMPILATION_MODE = wholemodule;
				SWIFT_OPTIMIZATION_LEVEL = "-O";
				VALIDATE_PRODUCT = YES;
			};
			name = Release;
		};
		8F32ADCE2866BB270029BD5B /* Debug */ = {
			isa = XCBuildConfiguration;
			buildSettings = {
				ASSETCATALOG_COMPILER_APPICON_NAME = AppIcon;
				ASSETCATALOG_COMPILER_GLOBAL_ACCENT_COLOR_NAME = AccentColor;
				CODE_SIGN_STYLE = Automatic;
				CURRENT_PROJECT_VERSION = 1;
				DEVELOPMENT_ASSET_PATHS = "\"Filler/Preview Content\"";
				DEVELOPMENT_TEAM = 9KP7LFTE8H;
				ENABLE_PREVIEWS = YES;
				GENERATE_INFOPLIST_FILE = YES;
				INFOPLIST_KEY_UIApplicationSceneManifest_Generation = YES;
				INFOPLIST_KEY_UIApplicationSupportsIndirectInputEvents = YES;
				INFOPLIST_KEY_UILaunchScreen_Generation = YES;
				INFOPLIST_KEY_UIRequiredDeviceCapabilities = gamekit;
				INFOPLIST_KEY_UISupportedInterfaceOrientations_iPad = "UIInterfaceOrientationPortrait UIInterfaceOrientationPortraitUpsideDown UIInterfaceOrientationLandscapeLeft UIInterfaceOrientationLandscapeRight";
				INFOPLIST_KEY_UISupportedInterfaceOrientations_iPhone = "UIInterfaceOrientationPortrait UIInterfaceOrientationLandscapeLeft UIInterfaceOrientationLandscapeRight";
				LD_RUNPATH_SEARCH_PATHS = (
					"$(inherited)",
					"@executable_path/Frameworks",
				);
				MARKETING_VERSION = 1.0;
				PRODUCT_BUNDLE_IDENTIFIER = com.clayellis.fill;
				PRODUCT_NAME = "$(TARGET_NAME)";
				SWIFT_EMIT_LOC_STRINGS = YES;
				SWIFT_VERSION = 5.0;
				TARGETED_DEVICE_FAMILY = "1,2";
			};
			name = Debug;
		};
		8F32ADCF2866BB270029BD5B /* Release */ = {
			isa = XCBuildConfiguration;
			buildSettings = {
				ASSETCATALOG_COMPILER_APPICON_NAME = AppIcon;
				ASSETCATALOG_COMPILER_GLOBAL_ACCENT_COLOR_NAME = AccentColor;
				CODE_SIGN_STYLE = Automatic;
				CURRENT_PROJECT_VERSION = 1;
				DEVELOPMENT_ASSET_PATHS = "\"Filler/Preview Content\"";
				DEVELOPMENT_TEAM = 9KP7LFTE8H;
				ENABLE_PREVIEWS = YES;
				GENERATE_INFOPLIST_FILE = YES;
				INFOPLIST_KEY_UIApplicationSceneManifest_Generation = YES;
				INFOPLIST_KEY_UIApplicationSupportsIndirectInputEvents = YES;
				INFOPLIST_KEY_UILaunchScreen_Generation = YES;
				INFOPLIST_KEY_UIRequiredDeviceCapabilities = gamekit;
				INFOPLIST_KEY_UISupportedInterfaceOrientations_iPad = "UIInterfaceOrientationPortrait UIInterfaceOrientationPortraitUpsideDown UIInterfaceOrientationLandscapeLeft UIInterfaceOrientationLandscapeRight";
				INFOPLIST_KEY_UISupportedInterfaceOrientations_iPhone = "UIInterfaceOrientationPortrait UIInterfaceOrientationLandscapeLeft UIInterfaceOrientationLandscapeRight";
				LD_RUNPATH_SEARCH_PATHS = (
					"$(inherited)",
					"@executable_path/Frameworks",
				);
				MARKETING_VERSION = 1.0;
				PRODUCT_BUNDLE_IDENTIFIER = com.clayellis.fill;
				PRODUCT_NAME = "$(TARGET_NAME)";
				SWIFT_EMIT_LOC_STRINGS = YES;
				SWIFT_VERSION = 5.0;
				TARGETED_DEVICE_FAMILY = "1,2";
			};
			name = Release;
		};
		8F32ADD12866BB270029BD5B /* Debug */ = {
			isa = XCBuildConfiguration;
			buildSettings = {
				ALWAYS_EMBED_SWIFT_STANDARD_LIBRARIES = YES;
				BUNDLE_LOADER = "$(TEST_HOST)";
				CODE_SIGN_STYLE = Automatic;
				CURRENT_PROJECT_VERSION = 1;
				DEVELOPMENT_TEAM = 5N3F3C8HRX;
				GENERATE_INFOPLIST_FILE = YES;
				IPHONEOS_DEPLOYMENT_TARGET = 15.4;
				MARKETING_VERSION = 1.0;
				PRODUCT_BUNDLE_IDENTIFIER = com.clayellis.FillerTests;
				PRODUCT_NAME = "$(TARGET_NAME)";
				SWIFT_EMIT_LOC_STRINGS = NO;
				SWIFT_VERSION = 5.0;
				TARGETED_DEVICE_FAMILY = "1,2";
				TEST_HOST = "$(BUILT_PRODUCTS_DIR)/Filler.app/Filler";
			};
			name = Debug;
		};
		8F32ADD22866BB270029BD5B /* Release */ = {
			isa = XCBuildConfiguration;
			buildSettings = {
				ALWAYS_EMBED_SWIFT_STANDARD_LIBRARIES = YES;
				BUNDLE_LOADER = "$(TEST_HOST)";
				CODE_SIGN_STYLE = Automatic;
				CURRENT_PROJECT_VERSION = 1;
				DEVELOPMENT_TEAM = 5N3F3C8HRX;
				GENERATE_INFOPLIST_FILE = YES;
				IPHONEOS_DEPLOYMENT_TARGET = 15.4;
				MARKETING_VERSION = 1.0;
				PRODUCT_BUNDLE_IDENTIFIER = com.clayellis.FillerTests;
				PRODUCT_NAME = "$(TARGET_NAME)";
				SWIFT_EMIT_LOC_STRINGS = NO;
				SWIFT_VERSION = 5.0;
				TARGETED_DEVICE_FAMILY = "1,2";
				TEST_HOST = "$(BUILT_PRODUCTS_DIR)/Filler.app/Filler";
			};
			name = Release;
		};
		8F32ADD42866BB270029BD5B /* Debug */ = {
			isa = XCBuildConfiguration;
			buildSettings = {
				ALWAYS_EMBED_SWIFT_STANDARD_LIBRARIES = YES;
				CODE_SIGN_STYLE = Automatic;
				CURRENT_PROJECT_VERSION = 1;
				DEVELOPMENT_TEAM = 5N3F3C8HRX;
				GENERATE_INFOPLIST_FILE = YES;
				MARKETING_VERSION = 1.0;
				PRODUCT_BUNDLE_IDENTIFIER = com.clayellis.FillerUITests;
				PRODUCT_NAME = "$(TARGET_NAME)";
				SWIFT_EMIT_LOC_STRINGS = NO;
				SWIFT_VERSION = 5.0;
				TARGETED_DEVICE_FAMILY = "1,2";
				TEST_TARGET_NAME = Filler;
			};
			name = Debug;
		};
		8F32ADD52866BB270029BD5B /* Release */ = {
			isa = XCBuildConfiguration;
			buildSettings = {
				ALWAYS_EMBED_SWIFT_STANDARD_LIBRARIES = YES;
				CODE_SIGN_STYLE = Automatic;
				CURRENT_PROJECT_VERSION = 1;
				DEVELOPMENT_TEAM = 5N3F3C8HRX;
				GENERATE_INFOPLIST_FILE = YES;
				MARKETING_VERSION = 1.0;
				PRODUCT_BUNDLE_IDENTIFIER = com.clayellis.FillerUITests;
				PRODUCT_NAME = "$(TARGET_NAME)";
				SWIFT_EMIT_LOC_STRINGS = NO;
				SWIFT_VERSION = 5.0;
				TARGETED_DEVICE_FAMILY = "1,2";
				TEST_TARGET_NAME = Filler;
			};
			name = Release;
		};
/* End XCBuildConfiguration section */

/* Begin XCConfigurationList section */
		8F32ADA42866BB230029BD5B /* Build configuration list for PBXProject "Filler" */ = {
			isa = XCConfigurationList;
			buildConfigurations = (
				8F32ADCB2866BB270029BD5B /* Debug */,
				8F32ADCC2866BB270029BD5B /* Release */,
			);
			defaultConfigurationIsVisible = 0;
			defaultConfigurationName = Release;
		};
		8F32ADCD2866BB270029BD5B /* Build configuration list for PBXNativeTarget "Filler" */ = {
			isa = XCConfigurationList;
			buildConfigurations = (
				8F32ADCE2866BB270029BD5B /* Debug */,
				8F32ADCF2866BB270029BD5B /* Release */,
			);
			defaultConfigurationIsVisible = 0;
			defaultConfigurationName = Release;
		};
		8F32ADD02866BB270029BD5B /* Build configuration list for PBXNativeTarget "FillerTests" */ = {
			isa = XCConfigurationList;
			buildConfigurations = (
				8F32ADD12866BB270029BD5B /* Debug */,
				8F32ADD22866BB270029BD5B /* Release */,
			);
			defaultConfigurationIsVisible = 0;
			defaultConfigurationName = Release;
		};
		8F32ADD32866BB270029BD5B /* Build configuration list for PBXNativeTarget "FillerUITests" */ = {
			isa = XCConfigurationList;
			buildConfigurations = (
				8F32ADD42866BB270029BD5B /* Debug */,
				8F32ADD52866BB270029BD5B /* Release */,
			);
			defaultConfigurationIsVisible = 0;
			defaultConfigurationName = Release;
		};
/* End XCConfigurationList section */
	};
	rootObject = 8F32ADA12866BB230029BD5B /* Project object */;
}
